// !$*UTF8*$!
{
	archiveVersion = 1;
	classes = {
	};
	objectVersion = 48;
	objects = {

/* Begin PBXBuildFile section */
		1D46EA8F3292EF17DFD072A2 /* Pods_MBKitTests.framework in Frameworks */ = {isa = PBXBuildFile; fileRef = 809DDF11E7023B76A65580F1 /* Pods_MBKitTests.framework */; };
		510778BC203611350001ED07 /* MBHeaderView.swift in Sources */ = {isa = PBXBuildFile; fileRef = 510778BB203611350001ED07 /* MBHeaderView.swift */; };
		510778BE203611520001ED07 /* MBSimpleAudioPlayer.swift in Sources */ = {isa = PBXBuildFile; fileRef = 510778BD203611520001ED07 /* MBSimpleAudioPlayer.swift */; };
		510778C0203644D60001ED07 /* MBLog.swift in Sources */ = {isa = PBXBuildFile; fileRef = 510778BF203644D60001ED07 /* MBLog.swift */; };
		5187C22B202B7E7B00C8CA55 /* MBKit.framework in Frameworks */ = {isa = PBXBuildFile; fileRef = 5187C221202B7E7A00C8CA55 /* MBKit.framework */; };
		5187C230202B7E7B00C8CA55 /* MBKitTests.swift in Sources */ = {isa = PBXBuildFile; fileRef = 5187C22F202B7E7B00C8CA55 /* MBKitTests.swift */; };
		5187C232202B7E7B00C8CA55 /* MBKit.h in Headers */ = {isa = PBXBuildFile; fileRef = 5187C224202B7E7A00C8CA55 /* MBKit.h */; settings = {ATTRIBUTES = (Public, ); }; };
		5193036E202B967600F12EFE /* Int.swift in Sources */ = {isa = PBXBuildFile; fileRef = 5193036D202B967600F12EFE /* Int.swift */; };
		51930370202B96AA00F12EFE /* Int.swift in Sources */ = {isa = PBXBuildFile; fileRef = 5193036F202B96AA00F12EFE /* Int.swift */; };
		519F6B3020696ED600E26879 /* MBAlertViewController.xib in Resources */ = {isa = PBXBuildFile; fileRef = 519F6B2F20696ED600E26879 /* MBAlertViewController.xib */; };
		51E8062F203672DD00145C48 /* MBAlertViewController.swift in Sources */ = {isa = PBXBuildFile; fileRef = 51E8062E203672DD00145C48 /* MBAlertViewController.swift */; };
		51EAF94F215C59260080AF3A /* MBSimpleStore.swift in Sources */ = {isa = PBXBuildFile; fileRef = 51EAF94E215C59260080AF3A /* MBSimpleStore.swift */; };
		51EAF951215C59750080AF3A /* MBSimpleStore.swift in Sources */ = {isa = PBXBuildFile; fileRef = 51EAF950215C59750080AF3A /* MBSimpleStore.swift */; };
		51FC7791202BF9E400286D5C /* MBButton.swift in Sources */ = {isa = PBXBuildFile; fileRef = 51FC7790202BF9E400286D5C /* MBButton.swift */; };
		920EA00E11FEC4541BB4314E /* Pods_MBKit.framework in Frameworks */ = {isa = PBXBuildFile; fileRef = 4A225DF0A63B40526D14BC88 /* Pods_MBKit.framework */; };
/* End PBXBuildFile section */

/* Begin PBXContainerItemProxy section */
		5187C22C202B7E7B00C8CA55 /* PBXContainerItemProxy */ = {
			isa = PBXContainerItemProxy;
			containerPortal = 5187C218202B7E7A00C8CA55 /* Project object */;
			proxyType = 1;
			remoteGlobalIDString = 5187C220202B7E7A00C8CA55;
			remoteInfo = MBKit;
		};
/* End PBXContainerItemProxy section */

/* Begin PBXFileReference section */
		085B6088A0275D0EC61C5441 /* Pods-MBKitTests.release.xcconfig */ = {isa = PBXFileReference; includeInIndex = 1; lastKnownFileType = text.xcconfig; name = "Pods-MBKitTests.release.xcconfig"; path = "Pods/Target Support Files/Pods-MBKitTests/Pods-MBKitTests.release.xcconfig"; sourceTree = "<group>"; };
		46D61CEE7940ACA96B1899F3 /* Pods-MBKit.release.xcconfig */ = {isa = PBXFileReference; includeInIndex = 1; lastKnownFileType = text.xcconfig; name = "Pods-MBKit.release.xcconfig"; path = "Pods/Target Support Files/Pods-MBKit/Pods-MBKit.release.xcconfig"; sourceTree = "<group>"; };
		4A225DF0A63B40526D14BC88 /* Pods_MBKit.framework */ = {isa = PBXFileReference; explicitFileType = wrapper.framework; includeInIndex = 0; path = Pods_MBKit.framework; sourceTree = BUILT_PRODUCTS_DIR; };
		510778BB203611350001ED07 /* MBHeaderView.swift */ = {isa = PBXFileReference; fileEncoding = 4; lastKnownFileType = sourcecode.swift; path = MBHeaderView.swift; sourceTree = "<group>"; };
		510778BD203611520001ED07 /* MBSimpleAudioPlayer.swift */ = {isa = PBXFileReference; lastKnownFileType = sourcecode.swift; path = MBSimpleAudioPlayer.swift; sourceTree = "<group>"; };
		510778BF203644D60001ED07 /* MBLog.swift */ = {isa = PBXFileReference; lastKnownFileType = sourcecode.swift; path = MBLog.swift; sourceTree = "<group>"; };
		5187C221202B7E7A00C8CA55 /* MBKit.framework */ = {isa = PBXFileReference; explicitFileType = wrapper.framework; includeInIndex = 0; path = MBKit.framework; sourceTree = BUILT_PRODUCTS_DIR; };
		5187C224202B7E7A00C8CA55 /* MBKit.h */ = {isa = PBXFileReference; lastKnownFileType = sourcecode.c.h; path = MBKit.h; sourceTree = "<group>"; };
		5187C225202B7E7A00C8CA55 /* Info.plist */ = {isa = PBXFileReference; lastKnownFileType = text.plist.xml; path = Info.plist; sourceTree = "<group>"; };
		5187C22A202B7E7B00C8CA55 /* MBKitTests.xctest */ = {isa = PBXFileReference; explicitFileType = wrapper.cfbundle; includeInIndex = 0; path = MBKitTests.xctest; sourceTree = BUILT_PRODUCTS_DIR; };
		5187C22F202B7E7B00C8CA55 /* MBKitTests.swift */ = {isa = PBXFileReference; lastKnownFileType = sourcecode.swift; path = MBKitTests.swift; sourceTree = "<group>"; };
		5187C231202B7E7B00C8CA55 /* Info.plist */ = {isa = PBXFileReference; lastKnownFileType = text.plist.xml; path = Info.plist; sourceTree = "<group>"; };
		5193036D202B967600F12EFE /* Int.swift */ = {isa = PBXFileReference; lastKnownFileType = sourcecode.swift; path = Int.swift; sourceTree = "<group>"; };
		5193036F202B96AA00F12EFE /* Int.swift */ = {isa = PBXFileReference; lastKnownFileType = sourcecode.swift; path = Int.swift; sourceTree = "<group>"; };
		519F6B2F20696ED600E26879 /* MBAlertViewController.xib */ = {isa = PBXFileReference; lastKnownFileType = file.xib; path = MBAlertViewController.xib; sourceTree = "<group>"; };
		51E8062E203672DD00145C48 /* MBAlertViewController.swift */ = {isa = PBXFileReference; lastKnownFileType = sourcecode.swift; path = MBAlertViewController.swift; sourceTree = "<group>"; };
		51EAF94E215C59260080AF3A /* MBSimpleStore.swift */ = {isa = PBXFileReference; lastKnownFileType = sourcecode.swift; path = MBSimpleStore.swift; sourceTree = "<group>"; };
		51EAF950215C59750080AF3A /* MBSimpleStore.swift */ = {isa = PBXFileReference; lastKnownFileType = sourcecode.swift; path = MBSimpleStore.swift; sourceTree = "<group>"; };
		51FC7790202BF9E400286D5C /* MBButton.swift */ = {isa = PBXFileReference; lastKnownFileType = sourcecode.swift; path = MBButton.swift; sourceTree = "<group>"; };
		809DDF11E7023B76A65580F1 /* Pods_MBKitTests.framework */ = {isa = PBXFileReference; explicitFileType = wrapper.framework; includeInIndex = 0; path = Pods_MBKitTests.framework; sourceTree = BUILT_PRODUCTS_DIR; };
		C48F2B5D44060CB1155CDB06 /* Pods-MBKit.debug.xcconfig */ = {isa = PBXFileReference; includeInIndex = 1; lastKnownFileType = text.xcconfig; name = "Pods-MBKit.debug.xcconfig"; path = "Pods/Target Support Files/Pods-MBKit/Pods-MBKit.debug.xcconfig"; sourceTree = "<group>"; };
		E30E243E28BCDDFF0DFBCAE3 /* Pods-MBKitTests.debug.xcconfig */ = {isa = PBXFileReference; includeInIndex = 1; lastKnownFileType = text.xcconfig; name = "Pods-MBKitTests.debug.xcconfig"; path = "Pods/Target Support Files/Pods-MBKitTests/Pods-MBKitTests.debug.xcconfig"; sourceTree = "<group>"; };
/* End PBXFileReference section */

/* Begin PBXFrameworksBuildPhase section */
		5187C21D202B7E7A00C8CA55 /* Frameworks */ = {
			isa = PBXFrameworksBuildPhase;
			buildActionMask = 2147483647;
			files = (
				920EA00E11FEC4541BB4314E /* Pods_MBKit.framework in Frameworks */,
			);
			runOnlyForDeploymentPostprocessing = 0;
		};
		5187C227202B7E7A00C8CA55 /* Frameworks */ = {
			isa = PBXFrameworksBuildPhase;
			buildActionMask = 2147483647;
			files = (
				5187C22B202B7E7B00C8CA55 /* MBKit.framework in Frameworks */,
				1D46EA8F3292EF17DFD072A2 /* Pods_MBKitTests.framework in Frameworks */,
			);
			runOnlyForDeploymentPostprocessing = 0;
		};
/* End PBXFrameworksBuildPhase section */

/* Begin PBXGroup section */
		494EF4ED37A733F22D40E3BE /* Pods */ = {
			isa = PBXGroup;
			children = (
				C48F2B5D44060CB1155CDB06 /* Pods-MBKit.debug.xcconfig */,
				46D61CEE7940ACA96B1899F3 /* Pods-MBKit.release.xcconfig */,
				E30E243E28BCDDFF0DFBCAE3 /* Pods-MBKitTests.debug.xcconfig */,
				085B6088A0275D0EC61C5441 /* Pods-MBKitTests.release.xcconfig */,
			);
			name = Pods;
			sourceTree = "<group>";
		};
		510778BA203610BE0001ED07 /* Utilities */ = {
			isa = PBXGroup;
			children = (
				510778BD203611520001ED07 /* MBSimpleAudioPlayer.swift */,
				510778BF203644D60001ED07 /* MBLog.swift */,
				51EAF94E215C59260080AF3A /* MBSimpleStore.swift */,
			);
			path = Utilities;
			sourceTree = "<group>";
		};
		5187C217202B7E7A00C8CA55 = {
			isa = PBXGroup;
			children = (
				5187C223202B7E7A00C8CA55 /* MBKit */,
				5187C22E202B7E7B00C8CA55 /* MBKitTests */,
				5187C222202B7E7A00C8CA55 /* Products */,
				51FC77B6202D0E3800286D5C /* Frameworks */,
				494EF4ED37A733F22D40E3BE /* Pods */,
			);
			sourceTree = "<group>";
		};
		5187C222202B7E7A00C8CA55 /* Products */ = {
			isa = PBXGroup;
			children = (
				5187C221202B7E7A00C8CA55 /* MBKit.framework */,
				5187C22A202B7E7B00C8CA55 /* MBKitTests.xctest */,
			);
			name = Products;
			sourceTree = "<group>";
		};
		5187C223202B7E7A00C8CA55 /* MBKit */ = {
			isa = PBXGroup;
			children = (
				519F6B2E20696EA300E26879 /* Resources */,
				51E8062D203672B500145C48 /* View Controllers */,
				510778BA203610BE0001ED07 /* Utilities */,
				51FC778F202BF9CF00286D5C /* Views */,
				5193036C202B95AD00F12EFE /* Extensions */,
				5187C224202B7E7A00C8CA55 /* MBKit.h */,
				5187C225202B7E7A00C8CA55 /* Info.plist */,
			);
			path = MBKit;
			sourceTree = "<group>";
		};
		5187C22E202B7E7B00C8CA55 /* MBKitTests */ = {
			isa = PBXGroup;
			children = (
				5187C22F202B7E7B00C8CA55 /* MBKitTests.swift */,
				5187C231202B7E7B00C8CA55 /* Info.plist */,
				5193036F202B96AA00F12EFE /* Int.swift */,
				51EAF950215C59750080AF3A /* MBSimpleStore.swift */,
			);
			path = MBKitTests;
			sourceTree = "<group>";
		};
		5193036C202B95AD00F12EFE /* Extensions */ = {
			isa = PBXGroup;
			children = (
				5193036D202B967600F12EFE /* Int.swift */,
			);
			path = Extensions;
			sourceTree = "<group>";
		};
		519F6B2E20696EA300E26879 /* Resources */ = {
			isa = PBXGroup;
			children = (
				519F6B2F20696ED600E26879 /* MBAlertViewController.xib */,
			);
			path = Resources;
			sourceTree = "<group>";
		};
		51E8062D203672B500145C48 /* View Controllers */ = {
			isa = PBXGroup;
			children = (
				51E8062E203672DD00145C48 /* MBAlertViewController.swift */,
			);
			path = "View Controllers";
			sourceTree = "<group>";
		};
		51FC778F202BF9CF00286D5C /* Views */ = {
			isa = PBXGroup;
			children = (
				510778BB203611350001ED07 /* MBHeaderView.swift */,
				51FC7790202BF9E400286D5C /* MBButton.swift */,
			);
			path = Views;
			sourceTree = "<group>";
		};
		51FC77B6202D0E3800286D5C /* Frameworks */ = {
			isa = PBXGroup;
			children = (
				4A225DF0A63B40526D14BC88 /* Pods_MBKit.framework */,
				809DDF11E7023B76A65580F1 /* Pods_MBKitTests.framework */,
			);
			name = Frameworks;
			sourceTree = "<group>";
		};
/* End PBXGroup section */

/* Begin PBXHeadersBuildPhase section */
		5187C21E202B7E7A00C8CA55 /* Headers */ = {
			isa = PBXHeadersBuildPhase;
			buildActionMask = 2147483647;
			files = (
				5187C232202B7E7B00C8CA55 /* MBKit.h in Headers */,
			);
			runOnlyForDeploymentPostprocessing = 0;
		};
/* End PBXHeadersBuildPhase section */

/* Begin PBXNativeTarget section */
		5187C220202B7E7A00C8CA55 /* MBKit */ = {
			isa = PBXNativeTarget;
			buildConfigurationList = 5187C235202B7E7B00C8CA55 /* Build configuration list for PBXNativeTarget "MBKit" */;
			buildPhases = (
				4C1E516EC1500F006D204476 /* [CP] Check Pods Manifest.lock */,
				5136586D219BBB1D006FE98F /* Swift Lint */,
				5187C21C202B7E7A00C8CA55 /* Sources */,
				5187C21D202B7E7A00C8CA55 /* Frameworks */,
				5187C21E202B7E7A00C8CA55 /* Headers */,
				5187C21F202B7E7A00C8CA55 /* Resources */,
			);
			buildRules = (
			);
			dependencies = (
			);
			name = MBKit;
			productName = MBKit;
			productReference = 5187C221202B7E7A00C8CA55 /* MBKit.framework */;
			productType = "com.apple.product-type.framework";
		};
		5187C229202B7E7A00C8CA55 /* MBKitTests */ = {
			isa = PBXNativeTarget;
			buildConfigurationList = 5187C238202B7E7B00C8CA55 /* Build configuration list for PBXNativeTarget "MBKitTests" */;
			buildPhases = (
				F670A09633641FD3D54D6917 /* [CP] Check Pods Manifest.lock */,
				5187C226202B7E7A00C8CA55 /* Sources */,
				5187C227202B7E7A00C8CA55 /* Frameworks */,
				5187C228202B7E7A00C8CA55 /* Resources */,
			);
			buildRules = (
			);
			dependencies = (
				5187C22D202B7E7B00C8CA55 /* PBXTargetDependency */,
			);
			name = MBKitTests;
			productName = MBKitTests;
			productReference = 5187C22A202B7E7B00C8CA55 /* MBKitTests.xctest */;
			productType = "com.apple.product-type.bundle.unit-test";
		};
/* End PBXNativeTarget section */

/* Begin PBXProject section */
		5187C218202B7E7A00C8CA55 /* Project object */ = {
			isa = PBXProject;
			attributes = {
				LastSwiftUpdateCheck = 0920;
				LastUpgradeCheck = 1010;
				ORGANIZATIONNAME = "Magic Box Software Solutions LLC";
				TargetAttributes = {
					5187C220202B7E7A00C8CA55 = {
						CreatedOnToolsVersion = 9.2;
						LastSwiftMigration = 1000;
						ProvisioningStyle = Manual;
					};
					5187C229202B7E7A00C8CA55 = {
						CreatedOnToolsVersion = 9.2;
						LastSwiftMigration = 1000;
						ProvisioningStyle = Automatic;
					};
				};
			};
			buildConfigurationList = 5187C21B202B7E7A00C8CA55 /* Build configuration list for PBXProject "MBKit" */;
			compatibilityVersion = "Xcode 8.0";
			developmentRegion = en;
			hasScannedForEncodings = 0;
			knownRegions = (
				en,
				Base,
			);
			mainGroup = 5187C217202B7E7A00C8CA55;
			productRefGroup = 5187C222202B7E7A00C8CA55 /* Products */;
			projectDirPath = "";
			projectRoot = "";
			targets = (
				5187C220202B7E7A00C8CA55 /* MBKit */,
				5187C229202B7E7A00C8CA55 /* MBKitTests */,
			);
		};
/* End PBXProject section */

/* Begin PBXResourcesBuildPhase section */
		5187C21F202B7E7A00C8CA55 /* Resources */ = {
			isa = PBXResourcesBuildPhase;
			buildActionMask = 2147483647;
			files = (
				519F6B3020696ED600E26879 /* MBAlertViewController.xib in Resources */,
			);
			runOnlyForDeploymentPostprocessing = 0;
		};
		5187C228202B7E7A00C8CA55 /* Resources */ = {
			isa = PBXResourcesBuildPhase;
			buildActionMask = 2147483647;
			files = (
			);
			runOnlyForDeploymentPostprocessing = 0;
		};
/* End PBXResourcesBuildPhase section */

/* Begin PBXShellScriptBuildPhase section */
		4C1E516EC1500F006D204476 /* [CP] Check Pods Manifest.lock */ = {
			isa = PBXShellScriptBuildPhase;
			buildActionMask = 2147483647;
			files = (
			);
			inputFileListPaths = (
			);
			inputPaths = (
				"${PODS_PODFILE_DIR_PATH}/Podfile.lock",
				"${PODS_ROOT}/Manifest.lock",
			);
			name = "[CP] Check Pods Manifest.lock";
			outputFileListPaths = (
			);
			outputPaths = (
				"$(DERIVED_FILE_DIR)/Pods-MBKit-checkManifestLockResult.txt",
			);
			runOnlyForDeploymentPostprocessing = 0;
			shellPath = /bin/sh;
			shellScript = "diff \"${PODS_PODFILE_DIR_PATH}/Podfile.lock\" \"${PODS_ROOT}/Manifest.lock\" > /dev/null\nif [ $? != 0 ] ; then\n    # print error to STDERR\n    echo \"error: The sandbox is not in sync with the Podfile.lock. Run 'pod install' or update your CocoaPods installation.\" >&2\n    exit 1\nfi\n# This output is used by Xcode 'outputs' to avoid re-running this script phase.\necho \"SUCCESS\" > \"${SCRIPT_OUTPUT_FILE_0}\"\n";
			showEnvVarsInLog = 0;
		};
		5136586D219BBB1D006FE98F /* Swift Lint */ = {
			isa = PBXShellScriptBuildPhase;
			buildActionMask = 2147483647;
			files = (
			);
			inputFileListPaths = (
			);
			inputPaths = (
			);
			name = "Swift Lint";
			outputFileListPaths = (
			);
			outputPaths = (
			);
			runOnlyForDeploymentPostprocessing = 0;
			shellPath = /bin/sh;
			shellScript = "\"${PODS_ROOT}/SwiftLint/swiftlint\"\n";
		};
		F670A09633641FD3D54D6917 /* [CP] Check Pods Manifest.lock */ = {
			isa = PBXShellScriptBuildPhase;
			buildActionMask = 2147483647;
			files = (
			);
			inputFileListPaths = (
			);
			inputPaths = (
				"${PODS_PODFILE_DIR_PATH}/Podfile.lock",
				"${PODS_ROOT}/Manifest.lock",
			);
			name = "[CP] Check Pods Manifest.lock";
			outputFileListPaths = (
			);
			outputPaths = (
				"$(DERIVED_FILE_DIR)/Pods-MBKitTests-checkManifestLockResult.txt",
			);
			runOnlyForDeploymentPostprocessing = 0;
			shellPath = /bin/sh;
			shellScript = "diff \"${PODS_PODFILE_DIR_PATH}/Podfile.lock\" \"${PODS_ROOT}/Manifest.lock\" > /dev/null\nif [ $? != 0 ] ; then\n    # print error to STDERR\n    echo \"error: The sandbox is not in sync with the Podfile.lock. Run 'pod install' or update your CocoaPods installation.\" >&2\n    exit 1\nfi\n# This output is used by Xcode 'outputs' to avoid re-running this script phase.\necho \"SUCCESS\" > \"${SCRIPT_OUTPUT_FILE_0}\"\n";
			showEnvVarsInLog = 0;
		};
/* End PBXShellScriptBuildPhase section */

/* Begin PBXSourcesBuildPhase section */
		5187C21C202B7E7A00C8CA55 /* Sources */ = {
			isa = PBXSourcesBuildPhase;
			buildActionMask = 2147483647;
			files = (
				510778BE203611520001ED07 /* MBSimpleAudioPlayer.swift in Sources */,
				510778BC203611350001ED07 /* MBHeaderView.swift in Sources */,
				51FC7791202BF9E400286D5C /* MBButton.swift in Sources */,
				5193036E202B967600F12EFE /* Int.swift in Sources */,
				51E8062F203672DD00145C48 /* MBAlertViewController.swift in Sources */,
				51EAF94F215C59260080AF3A /* MBSimpleStore.swift in Sources */,
				510778C0203644D60001ED07 /* MBLog.swift in Sources */,
			);
			runOnlyForDeploymentPostprocessing = 0;
		};
		5187C226202B7E7A00C8CA55 /* Sources */ = {
			isa = PBXSourcesBuildPhase;
			buildActionMask = 2147483647;
			files = (
				51EAF951215C59750080AF3A /* MBSimpleStore.swift in Sources */,
				5187C230202B7E7B00C8CA55 /* MBKitTests.swift in Sources */,
				51930370202B96AA00F12EFE /* Int.swift in Sources */,
			);
			runOnlyForDeploymentPostprocessing = 0;
		};
/* End PBXSourcesBuildPhase section */

/* Begin PBXTargetDependency section */
		5187C22D202B7E7B00C8CA55 /* PBXTargetDependency */ = {
			isa = PBXTargetDependency;
			target = 5187C220202B7E7A00C8CA55 /* MBKit */;
			targetProxy = 5187C22C202B7E7B00C8CA55 /* PBXContainerItemProxy */;
		};
/* End PBXTargetDependency section */

/* Begin XCBuildConfiguration section */
		5187C233202B7E7B00C8CA55 /* Debug */ = {
			isa = XCBuildConfiguration;
			buildSettings = {
				ALWAYS_SEARCH_USER_PATHS = NO;
				CLANG_ANALYZER_NONNULL = YES;
				CLANG_ANALYZER_NUMBER_OBJECT_CONVERSION = YES_AGGRESSIVE;
				CLANG_CXX_LANGUAGE_STANDARD = "gnu++14";
				CLANG_CXX_LIBRARY = "libc++";
				CLANG_ENABLE_MODULES = YES;
				CLANG_ENABLE_OBJC_ARC = YES;
				CLANG_WARN_BLOCK_CAPTURE_AUTORELEASING = YES;
				CLANG_WARN_BOOL_CONVERSION = YES;
				CLANG_WARN_COMMA = YES;
				CLANG_WARN_CONSTANT_CONVERSION = YES;
				CLANG_WARN_DEPRECATED_OBJC_IMPLEMENTATIONS = YES;
				CLANG_WARN_DIRECT_OBJC_ISA_USAGE = YES_ERROR;
				CLANG_WARN_DOCUMENTATION_COMMENTS = YES;
				CLANG_WARN_EMPTY_BODY = YES;
				CLANG_WARN_ENUM_CONVERSION = YES;
				CLANG_WARN_INFINITE_RECURSION = YES;
				CLANG_WARN_INT_CONVERSION = YES;
				CLANG_WARN_NON_LITERAL_NULL_CONVERSION = YES;
				CLANG_WARN_OBJC_IMPLICIT_RETAIN_SELF = YES;
				CLANG_WARN_OBJC_LITERAL_CONVERSION = YES;
				CLANG_WARN_OBJC_ROOT_CLASS = YES_ERROR;
				CLANG_WARN_RANGE_LOOP_ANALYSIS = YES;
				CLANG_WARN_STRICT_PROTOTYPES = YES;
				CLANG_WARN_SUSPICIOUS_MOVE = YES;
				CLANG_WARN_UNGUARDED_AVAILABILITY = YES_AGGRESSIVE;
				CLANG_WARN_UNREACHABLE_CODE = YES;
				CLANG_WARN__DUPLICATE_METHOD_MATCH = YES;
				CODE_SIGN_IDENTITY = "iPhone Developer";
				COPY_PHASE_STRIP = NO;
				CURRENT_PROJECT_VERSION = 1;
				DEBUG_INFORMATION_FORMAT = dwarf;
				ENABLE_STRICT_OBJC_MSGSEND = YES;
				ENABLE_TESTABILITY = YES;
				GCC_C_LANGUAGE_STANDARD = gnu11;
				GCC_DYNAMIC_NO_PIC = NO;
				GCC_NO_COMMON_BLOCKS = YES;
				GCC_OPTIMIZATION_LEVEL = 0;
				GCC_PREPROCESSOR_DEFINITIONS = (
					"DEBUG=1",
					"$(inherited)",
				);
				GCC_WARN_64_TO_32_BIT_CONVERSION = YES;
				GCC_WARN_ABOUT_RETURN_TYPE = YES_ERROR;
				GCC_WARN_UNDECLARED_SELECTOR = YES;
				GCC_WARN_UNINITIALIZED_AUTOS = YES_AGGRESSIVE;
				GCC_WARN_UNUSED_FUNCTION = YES;
				GCC_WARN_UNUSED_VARIABLE = YES;
				IPHONEOS_DEPLOYMENT_TARGET = 11.2;
				MTL_ENABLE_DEBUG_INFO = YES;
				ONLY_ACTIVE_ARCH = YES;
				SDKROOT = iphoneos;
				SWIFT_ACTIVE_COMPILATION_CONDITIONS = DEBUG;
				SWIFT_OPTIMIZATION_LEVEL = "-Onone";
				VERSIONING_SYSTEM = "apple-generic";
				VERSION_INFO_PREFIX = "";
			};
			name = Debug;
		};
		5187C234202B7E7B00C8CA55 /* Release */ = {
			isa = XCBuildConfiguration;
			buildSettings = {
				ALWAYS_SEARCH_USER_PATHS = NO;
				CLANG_ANALYZER_NONNULL = YES;
				CLANG_ANALYZER_NUMBER_OBJECT_CONVERSION = YES_AGGRESSIVE;
				CLANG_CXX_LANGUAGE_STANDARD = "gnu++14";
				CLANG_CXX_LIBRARY = "libc++";
				CLANG_ENABLE_MODULES = YES;
				CLANG_ENABLE_OBJC_ARC = YES;
				CLANG_WARN_BLOCK_CAPTURE_AUTORELEASING = YES;
				CLANG_WARN_BOOL_CONVERSION = YES;
				CLANG_WARN_COMMA = YES;
				CLANG_WARN_CONSTANT_CONVERSION = YES;
				CLANG_WARN_DEPRECATED_OBJC_IMPLEMENTATIONS = YES;
				CLANG_WARN_DIRECT_OBJC_ISA_USAGE = YES_ERROR;
				CLANG_WARN_DOCUMENTATION_COMMENTS = YES;
				CLANG_WARN_EMPTY_BODY = YES;
				CLANG_WARN_ENUM_CONVERSION = YES;
				CLANG_WARN_INFINITE_RECURSION = YES;
				CLANG_WARN_INT_CONVERSION = YES;
				CLANG_WARN_NON_LITERAL_NULL_CONVERSION = YES;
				CLANG_WARN_OBJC_IMPLICIT_RETAIN_SELF = YES;
				CLANG_WARN_OBJC_LITERAL_CONVERSION = YES;
				CLANG_WARN_OBJC_ROOT_CLASS = YES_ERROR;
				CLANG_WARN_RANGE_LOOP_ANALYSIS = YES;
				CLANG_WARN_STRICT_PROTOTYPES = YES;
				CLANG_WARN_SUSPICIOUS_MOVE = YES;
				CLANG_WARN_UNGUARDED_AVAILABILITY = YES_AGGRESSIVE;
				CLANG_WARN_UNREACHABLE_CODE = YES;
				CLANG_WARN__DUPLICATE_METHOD_MATCH = YES;
				CODE_SIGN_IDENTITY = "iPhone Developer";
				COPY_PHASE_STRIP = NO;
				CURRENT_PROJECT_VERSION = 1;
				DEBUG_INFORMATION_FORMAT = "dwarf-with-dsym";
				ENABLE_NS_ASSERTIONS = NO;
				ENABLE_STRICT_OBJC_MSGSEND = YES;
				GCC_C_LANGUAGE_STANDARD = gnu11;
				GCC_NO_COMMON_BLOCKS = YES;
				GCC_WARN_64_TO_32_BIT_CONVERSION = YES;
				GCC_WARN_ABOUT_RETURN_TYPE = YES_ERROR;
				GCC_WARN_UNDECLARED_SELECTOR = YES;
				GCC_WARN_UNINITIALIZED_AUTOS = YES_AGGRESSIVE;
				GCC_WARN_UNUSED_FUNCTION = YES;
				GCC_WARN_UNUSED_VARIABLE = YES;
				IPHONEOS_DEPLOYMENT_TARGET = 11.2;
				MTL_ENABLE_DEBUG_INFO = NO;
				SDKROOT = iphoneos;
				SWIFT_OPTIMIZATION_LEVEL = "-Owholemodule";
				VALIDATE_PRODUCT = YES;
				VERSIONING_SYSTEM = "apple-generic";
				VERSION_INFO_PREFIX = "";
			};
			name = Release;
		};
		5187C236202B7E7B00C8CA55 /* Debug */ = {
			isa = XCBuildConfiguration;
			baseConfigurationReference = C48F2B5D44060CB1155CDB06 /* Pods-MBKit.debug.xcconfig */;
			buildSettings = {
				CLANG_ENABLE_MODULES = YES;
				CODE_SIGN_IDENTITY = "";
				"CODE_SIGN_IDENTITY[sdk=iphoneos*]" = "iPhone Developer";
				CODE_SIGN_STYLE = Manual;
				DEFINES_MODULE = YES;
				DEVELOPMENT_TEAM = GYAMJX6ZR6;
				DYLIB_COMPATIBILITY_VERSION = 1;
				DYLIB_CURRENT_VERSION = 1;
				DYLIB_INSTALL_NAME_BASE = "@rpath";
				INFOPLIST_FILE = MBKit/Info.plist;
				INSTALL_PATH = "$(LOCAL_LIBRARY_DIR)/Frameworks";
				IPHONEOS_DEPLOYMENT_TARGET = 11.0;
				LD_RUNPATH_SEARCH_PATHS = "$(inherited) @executable_path/Frameworks @loader_path/Frameworks";
				PRODUCT_BUNDLE_IDENTIFIER = com.magicboxsoft.com.MBKit;
				PRODUCT_NAME = "$(TARGET_NAME:c99extidentifier)";
				PROVISIONING_PROFILE_SPECIFIER = "";
				SKIP_INSTALL = YES;
				SWIFT_OPTIMIZATION_LEVEL = "-Onone";
				SWIFT_VERSION = 4.2;
				TARGETED_DEVICE_FAMILY = "1,2";
			};
			name = Debug;
		};
		5187C237202B7E7B00C8CA55 /* Release */ = {
			isa = XCBuildConfiguration;
			baseConfigurationReference = 46D61CEE7940ACA96B1899F3 /* Pods-MBKit.release.xcconfig */;
			buildSettings = {
				CLANG_ENABLE_MODULES = YES;
				CODE_SIGN_IDENTITY = "";
				CODE_SIGN_STYLE = Manual;
				DEFINES_MODULE = YES;
				DEVELOPMENT_TEAM = "";
				DYLIB_COMPATIBILITY_VERSION = 1;
				DYLIB_CURRENT_VERSION = 1;
				DYLIB_INSTALL_NAME_BASE = "@rpath";
				INFOPLIST_FILE = MBKit/Info.plist;
				INSTALL_PATH = "$(LOCAL_LIBRARY_DIR)/Frameworks";
				IPHONEOS_DEPLOYMENT_TARGET = 11.0;
				LD_RUNPATH_SEARCH_PATHS = "$(inherited) @executable_path/Frameworks @loader_path/Frameworks";
				PRODUCT_BUNDLE_IDENTIFIER = com.magicboxsoft.com.MBKit;
				PRODUCT_NAME = "$(TARGET_NAME:c99extidentifier)";
				PROVISIONING_PROFILE_SPECIFIER = "";
				SKIP_INSTALL = YES;
				SWIFT_VERSION = 4.2;
				TARGETED_DEVICE_FAMILY = "1,2";
			};
			name = Release;
		};
		5187C239202B7E7B00C8CA55 /* Debug */ = {
			isa = XCBuildConfiguration;
			baseConfigurationReference = E30E243E28BCDDFF0DFBCAE3 /* Pods-MBKitTests.debug.xcconfig */;
			buildSettings = {
				ALWAYS_EMBED_SWIFT_STANDARD_LIBRARIES = YES;
				CODE_SIGN_STYLE = Automatic;
				DEVELOPMENT_TEAM = GYAMJX6ZR6;
				INFOPLIST_FILE = MBKitTests/Info.plist;
				LD_RUNPATH_SEARCH_PATHS = "$(inherited) @executable_path/Frameworks @loader_path/Frameworks";
				PRODUCT_BUNDLE_IDENTIFIER = com.magicboxsoft.com.MBKitTests;
				PRODUCT_NAME = "$(TARGET_NAME)";
				SWIFT_VERSION = 4.2;
				TARGETED_DEVICE_FAMILY = "1,2";
			};
			name = Debug;
		};
		5187C23A202B7E7B00C8CA55 /* Release */ = {
			isa = XCBuildConfiguration;
			baseConfigurationReference = 085B6088A0275D0EC61C5441 /* Pods-MBKitTests.release.xcconfig */;
			buildSettings = {
				ALWAYS_EMBED_SWIFT_STANDARD_LIBRARIES = YES;
				CODE_SIGN_STYLE = Automatic;
				DEVELOPMENT_TEAM = GYAMJX6ZR6;
				INFOPLIST_FILE = MBKitTests/Info.plist;
				LD_RUNPATH_SEARCH_PATHS = "$(inherited) @executable_path/Frameworks @loader_path/Frameworks";
				PRODUCT_BUNDLE_IDENTIFIER = com.magicboxsoft.com.MBKitTests;
				PRODUCT_NAME = "$(TARGET_NAME)";
				SWIFT_VERSION = 4.2;
				TARGETED_DEVICE_FAMILY = "1,2";
			};
			name = Release;
		};
/* End XCBuildConfiguration section */

/* Begin XCConfigurationList section */
		5187C21B202B7E7A00C8CA55 /* Build configuration list for PBXProject "MBKit" */ = {
			isa = XCConfigurationList;
			buildConfigurations = (
				5187C233202B7E7B00C8CA55 /* Debug */,
				5187C234202B7E7B00C8CA55 /* Release */,
			);
			defaultConfigurationIsVisible = 0;
			defaultConfigurationName = Release;
		};
		5187C235202B7E7B00C8CA55 /* Build configuration list for PBXNativeTarget "MBKit" */ = {
			isa = XCConfigurationList;
			buildConfigurations = (
				5187C236202B7E7B00C8CA55 /* Debug */,
				5187C237202B7E7B00C8CA55 /* Release */,
			);
			defaultConfigurationIsVisible = 0;
			defaultConfigurationName = Release;
		};
		5187C238202B7E7B00C8CA55 /* Build configuration list for PBXNativeTarget "MBKitTests" */ = {
			isa = XCConfigurationList;
			buildConfigurations = (
				5187C239202B7E7B00C8CA55 /* Debug */,
				5187C23A202B7E7B00C8CA55 /* Release */,
			);
			defaultConfigurationIsVisible = 0;
			defaultConfigurationName = Release;
		};
/* End XCConfigurationList section */
	};
	rootObject = 5187C218202B7E7A00C8CA55 /* Project object */;
}
